
Microsoft Visual Studio Solution File, Format Version 12.00
# Visual Studio Version 17
VisualStudioVersion = 17.11.35327.3
MinimumVisualStudioVersion = 10.0.40219.1
Project("{FAE04EC0-301F-11D3-BF4B-00C04F79EFBC}") = "DatabaseManagementSystem", "DatabaseManagementSystem.csproj", "{4A9B2E06-662C-487A-A364-7D8F7A85AC2B}"
EndProject
Global
	GlobalSection(SolutionConfigurationPlatforms) = preSolution
		Debug|Any CPU = Debug|Any CPU
		Release|Any CPU = Release|Any CPU
	EndGlobalSection
	GlobalSection(ProjectConfigurationPlatforms) = postSolution
		{4A9B2E06-662C-487A-A364-7D8F7A85AC2B}.Debug|Any CPU.ActiveCfg = Debug|Any CPU
		{4A9B2E06-662C-487A-A364-7D8F7A85AC2B}.Debug|Any CPU.Build.0 = Debug|Any CPU
		{4A9B2E06-662C-487A-A364-7D8F7A85AC2B}.Release|Any CPU.ActiveCfg = Release|Any CPU
		{4A9B2E06-662C-487A-A364-7D8F7A85AC2B}.Release|Any CPU.Build.0 = Release|Any CPU
	EndGlobalSection
	GlobalSection(SolutionProperties) = preSolution
		HideSolutionNode = FALSE
	EndGlobalSection
	GlobalSection(ExtensibilityGlobals) = postSolution
		SolutionGuid = {C9A7EFC9-B142-4BE2-951B-91C9DBE69BD2}
	EndGlobalSection
EndGlobal
